
Microsoft Visual Studio Solution File, Format Version 12.00
# Visual Studio Version 16
VisualStudioVersion = 16.0.31727.386
MinimumVisualStudioVersion = 10.0.40219.1
Project("{F184B08F-C81C-45F6-A57F-5ABD9991F28F}") = "LaiveApp", "LaiveApp.vbproj", "{24BAD66B-D1BA-4593-B442-84417EDC7C6A}"
EndProject
Global
	GlobalSection(SolutionConfigurationPlatforms) = preSolution
		Debug|Any CPU = Debug|Any CPU
		Release|Any CPU = Release|Any CPU
	EndGlobalSection
	GlobalSection(ProjectConfigurationPlatforms) = postSolution
		{24BAD66B-D1BA-4593-B442-84417EDC7C6A}.Debug|Any CPU.ActiveCfg = Debug|Any CPU
		{24BAD66B-D1BA-4593-B442-84417EDC7C6A}.Debug|Any CPU.Build.0 = Debug|Any CPU
		{24BAD66B-D1BA-4593-B442-84417EDC7C6A}.Release|Any CPU.ActiveCfg = Release|Any CPU
		{24BAD66B-D1BA-4593-B442-84417EDC7C6A}.Release|Any CPU.Build.0 = Release|Any CPU
	EndGlobalSection
	GlobalSection(SolutionProperties) = preSolution
		HideSolutionNode = FALSE
	EndGlobalSection
	GlobalSection(ExtensibilityGlobals) = postSolution
		SolutionGuid = {C98F04F9-D7E1-4651-BE6E-77BED786703B}
	EndGlobalSection
EndGlobal
