
Microsoft Visual Studio Solution File, Format Version 12.00
# Visual Studio Version 16
VisualStudioVersion = 16.0.31624.102
MinimumVisualStudioVersion = 10.0.40219.1
Project("{FAE04EC0-301F-11D3-BF4B-00C04F79EFBC}") = "LAIVE_WEB", "LAIVE_WEB\LAIVE_WEB.csproj", "{F3FADFA8-C4DD-4CB4-B6E4-8E4ED1777C39}"
EndProject
Global
	GlobalSection(SolutionConfigurationPlatforms) = preSolution
		Debug|Any CPU = Debug|Any CPU
		Release|Any CPU = Release|Any CPU
	EndGlobalSection
	GlobalSection(ProjectConfigurationPlatforms) = postSolution
		{F3FADFA8-C4DD-4CB4-B6E4-8E4ED1777C39}.Debug|Any CPU.ActiveCfg = Debug|Any CPU
		{F3FADFA8-C4DD-4CB4-B6E4-8E4ED1777C39}.Debug|Any CPU.Build.0 = Debug|Any CPU
		{F3FADFA8-C4DD-4CB4-B6E4-8E4ED1777C39}.Release|Any CPU.ActiveCfg = Release|Any CPU
		{F3FADFA8-C4DD-4CB4-B6E4-8E4ED1777C39}.Release|Any CPU.Build.0 = Release|Any CPU
	EndGlobalSection
	GlobalSection(SolutionProperties) = preSolution
		HideSolutionNode = FALSE
	EndGlobalSection
	GlobalSection(ExtensibilityGlobals) = postSolution
		SolutionGuid = {4543F47C-E072-486A-8F08-AF912DD409BB}
	EndGlobalSection
EndGlobal
