
Microsoft Visual Studio Solution File, Format Version 12.00
# Visual Studio Version 17
VisualStudioVersion = 17.0.31912.275
MinimumVisualStudioVersion = 10.0.40219.1
Project("{FAE04EC0-301F-11D3-BF4B-00C04F79EFBC}") = "KardexLaiveWeb", "KardexWeb\KardexLaiveWeb.csproj", "{F29ACB8C-A2B2-4C29-87C1-203E73A13701}"
	ProjectSection(ProjectDependencies) = postProject
		{B848C46A-3F7B-4C41-A7B9-B1219A205BB6} = {B848C46A-3F7B-4C41-A7B9-B1219A205BB6}
	EndProjectSection
EndProject
Project("{FAE04EC0-301F-11D3-BF4B-00C04F79EFBC}") = "UnitTestProject1", "UnitTestProject1\UnitTestProject1.csproj", "{E537AD79-55EC-4B07-AD4A-11ACDC9E3C05}"
EndProject
Project("{FAE04EC0-301F-11D3-BF4B-00C04F79EFBC}") = "CapaDatos", "CapaDatos\CapaDatos.csproj", "{AF114377-3AB3-455C-923F-66993DCB9235}"
EndProject
Project("{FAE04EC0-301F-11D3-BF4B-00C04F79EFBC}") = "CapaEntidad", "CapaEntidad\CapaEntidad.csproj", "{7E595A57-BC8C-470D-9EA1-287A9547F592}"
EndProject
Project("{FAE04EC0-301F-11D3-BF4B-00C04F79EFBC}") = "CapaNegocio", "CapaNegocio\CapaNegocio.csproj", "{B848C46A-3F7B-4C41-A7B9-B1219A205BB6}"
	ProjectSection(ProjectDependencies) = postProject
		{7E595A57-BC8C-470D-9EA1-287A9547F592} = {7E595A57-BC8C-470D-9EA1-287A9547F592}
		{AF114377-3AB3-455C-923F-66993DCB9235} = {AF114377-3AB3-455C-923F-66993DCB9235}
	EndProjectSection
EndProject
Global
	GlobalSection(SolutionConfigurationPlatforms) = preSolution
		Debug|Any CPU = Debug|Any CPU
		Release|Any CPU = Release|Any CPU
	EndGlobalSection
	GlobalSection(ProjectConfigurationPlatforms) = postSolution
		{F29ACB8C-A2B2-4C29-87C1-203E73A13701}.Debug|Any CPU.ActiveCfg = Debug|Any CPU
		{F29ACB8C-A2B2-4C29-87C1-203E73A13701}.Debug|Any CPU.Build.0 = Debug|Any CPU
		{F29ACB8C-A2B2-4C29-87C1-203E73A13701}.Release|Any CPU.ActiveCfg = Release|Any CPU
		{F29ACB8C-A2B2-4C29-87C1-203E73A13701}.Release|Any CPU.Build.0 = Release|Any CPU
		{E537AD79-55EC-4B07-AD4A-11ACDC9E3C05}.Debug|Any CPU.ActiveCfg = Debug|Any CPU
		{E537AD79-55EC-4B07-AD4A-11ACDC9E3C05}.Debug|Any CPU.Build.0 = Debug|Any CPU
		{E537AD79-55EC-4B07-AD4A-11ACDC9E3C05}.Release|Any CPU.ActiveCfg = Release|Any CPU
		{E537AD79-55EC-4B07-AD4A-11ACDC9E3C05}.Release|Any CPU.Build.0 = Release|Any CPU
		{AF114377-3AB3-455C-923F-66993DCB9235}.Debug|Any CPU.ActiveCfg = Debug|Any CPU
		{AF114377-3AB3-455C-923F-66993DCB9235}.Debug|Any CPU.Build.0 = Debug|Any CPU
		{AF114377-3AB3-455C-923F-66993DCB9235}.Release|Any CPU.ActiveCfg = Release|Any CPU
		{AF114377-3AB3-455C-923F-66993DCB9235}.Release|Any CPU.Build.0 = Release|Any CPU
		{7E595A57-BC8C-470D-9EA1-287A9547F592}.Debug|Any CPU.ActiveCfg = Debug|Any CPU
		{7E595A57-BC8C-470D-9EA1-287A9547F592}.Debug|Any CPU.Build.0 = Debug|Any CPU
		{7E595A57-BC8C-470D-9EA1-287A9547F592}.Release|Any CPU.ActiveCfg = Release|Any CPU
		{7E595A57-BC8C-470D-9EA1-287A9547F592}.Release|Any CPU.Build.0 = Release|Any CPU
		{B848C46A-3F7B-4C41-A7B9-B1219A205BB6}.Debug|Any CPU.ActiveCfg = Debug|Any CPU
		{B848C46A-3F7B-4C41-A7B9-B1219A205BB6}.Debug|Any CPU.Build.0 = Debug|Any CPU
		{B848C46A-3F7B-4C41-A7B9-B1219A205BB6}.Release|Any CPU.ActiveCfg = Release|Any CPU
		{B848C46A-3F7B-4C41-A7B9-B1219A205BB6}.Release|Any CPU.Build.0 = Release|Any CPU
	EndGlobalSection
	GlobalSection(SolutionProperties) = preSolution
		HideSolutionNode = FALSE
	EndGlobalSection
	GlobalSection(ExtensibilityGlobals) = postSolution
		SolutionGuid = {E7BDF498-30D4-4461-A493-C4B8AAB1E3F0}
	EndGlobalSection
EndGlobal
